// !$*UTF8*$!
{
	archiveVersion = 1;
	classes = {
	};
	objectVersion = 50;
	objects = {

/* Begin PBXBuildFile section */
		3C4CFD3625FBA02E004031C2 /* AppDelegate.swift in Sources */ = {isa = PBXBuildFile; fileRef = 3C4CFD3525FBA02E004031C2 /* AppDelegate.swift */; };
		3C4CFD3825FBA02E004031C2 /* SceneDelegate.swift in Sources */ = {isa = PBXBuildFile; fileRef = 3C4CFD3725FBA02E004031C2 /* SceneDelegate.swift */; };
		3C4CFD3A25FBA02E004031C2 /* ViewController.swift in Sources */ = {isa = PBXBuildFile; fileRef = 3C4CFD3925FBA02E004031C2 /* ViewController.swift */; };
		3C4CFD3D25FBA02E004031C2 /* Main.storyboard in Resources */ = {isa = PBXBuildFile; fileRef = 3C4CFD3B25FBA02E004031C2 /* Main.storyboard */; };
		3C4CFD3F25FBA032004031C2 /* Assets.xcassets in Resources */ = {isa = PBXBuildFile; fileRef = 3C4CFD3E25FBA032004031C2 /* Assets.xcassets */; };
		3C4CFD4225FBA032004031C2 /* LaunchScreen.storyboard in Resources */ = {isa = PBXBuildFile; fileRef = 3C4CFD4025FBA032004031C2 /* LaunchScreen.storyboard */; };
		3C4CFD4B25FBA66D004031C2 /* NewAlarmViewController.swift in Sources */ = {isa = PBXBuildFile; fileRef = 3C4CFD4A25FBA66D004031C2 /* NewAlarmViewController.swift */; };
		3C4CFD4E25FBA67F004031C2 /* ChangeAlarmViewController.swift in Sources */ = {isa = PBXBuildFile; fileRef = 3C4CFD4D25FBA67F004031C2 /* ChangeAlarmViewController.swift */; };
		3C4CFD5125FBA6A6004031C2 /* CustomCell.swift in Sources */ = {isa = PBXBuildFile; fileRef = 3C4CFD5025FBA6A6004031C2 /* CustomCell.swift */; };
/* End PBXBuildFile section */

/* Begin PBXFileReference section */
		3C4CFD3225FBA02E004031C2 /* Midterm.app */ = {isa = PBXFileReference; explicitFileType = wrapper.application; includeInIndex = 0; path = Midterm.app; sourceTree = BUILT_PRODUCTS_DIR; };
		3C4CFD3525FBA02E004031C2 /* AppDelegate.swift */ = {isa = PBXFileReference; lastKnownFileType = sourcecode.swift; path = AppDelegate.swift; sourceTree = "<group>"; };
		3C4CFD3725FBA02E004031C2 /* SceneDelegate.swift */ = {isa = PBXFileReference; lastKnownFileType = sourcecode.swift; path = SceneDelegate.swift; sourceTree = "<group>"; };
		3C4CFD3925FBA02E004031C2 /* ViewController.swift */ = {isa = PBXFileReference; lastKnownFileType = sourcecode.swift; path = ViewController.swift; sourceTree = "<group>"; };
		3C4CFD3C25FBA02E004031C2 /* Base */ = {isa = PBXFileReference; lastKnownFileType = file.storyboard; name = Base; path = Base.lproj/Main.storyboard; sourceTree = "<group>"; };
		3C4CFD3E25FBA032004031C2 /* Assets.xcassets */ = {isa = PBXFileReference; lastKnownFileType = folder.assetcatalog; path = Assets.xcassets; sourceTree = "<group>"; };
		3C4CFD4125FBA032004031C2 /* Base */ = {isa = PBXFileReference; lastKnownFileType = file.storyboard; name = Base; path = Base.lproj/LaunchScreen.storyboard; sourceTree = "<group>"; };
		3C4CFD4325FBA032004031C2 /* Info.plist */ = {isa = PBXFileReference; lastKnownFileType = text.plist.xml; path = Info.plist; sourceTree = "<group>"; };
		3C4CFD4A25FBA66D004031C2 /* NewAlarmViewController.swift */ = {isa = PBXFileReference; lastKnownFileType = sourcecode.swift; path = NewAlarmViewController.swift; sourceTree = "<group>"; };
		3C4CFD4D25FBA67F004031C2 /* ChangeAlarmViewController.swift */ = {isa = PBXFileReference; lastKnownFileType = sourcecode.swift; path = ChangeAlarmViewController.swift; sourceTree = "<group>"; };
		3C4CFD5025FBA6A6004031C2 /* CustomCell.swift */ = {isa = PBXFileReference; lastKnownFileType = sourcecode.swift; path = CustomCell.swift; sourceTree = "<group>"; };
/* End PBXFileReference section */

/* Begin PBXFrameworksBuildPhase section */
		3C4CFD2F25FBA02E004031C2 /* Frameworks */ = {
			isa = PBXFrameworksBuildPhase;
			buildActionMask = 2147483647;
			files = (
			);
			runOnlyForDeploymentPostprocessing = 0;
		};
/* End PBXFrameworksBuildPhase section */

/* Begin PBXGroup section */
		3C4CFD2925FBA02E004031C2 = {
			isa = PBXGroup;
			children = (
				3C4CFD3425FBA02E004031C2 /* Midterm */,
				3C4CFD3325FBA02E004031C2 /* Products */,
			);
			sourceTree = "<group>";
		};
		3C4CFD3325FBA02E004031C2 /* Products */ = {
			isa = PBXGroup;
			children = (
				3C4CFD3225FBA02E004031C2 /* Midterm.app */,
			);
			name = Products;
			sourceTree = "<group>";
		};
		3C4CFD3425FBA02E004031C2 /* Midterm */ = {
			isa = PBXGroup;
			children = (
				3C4CFD3525FBA02E004031C2 /* AppDelegate.swift */,
				3C4CFD3725FBA02E004031C2 /* SceneDelegate.swift */,
				3C4CFD3925FBA02E004031C2 /* ViewController.swift */,
				3C4CFD3B25FBA02E004031C2 /* Main.storyboard */,
				3C4CFD3E25FBA032004031C2 /* Assets.xcassets */,
				3C4CFD4025FBA032004031C2 /* LaunchScreen.storyboard */,
				3C4CFD4325FBA032004031C2 /* Info.plist */,
				3C4CFD4A25FBA66D004031C2 /* NewAlarmViewController.swift */,
				3C4CFD4D25FBA67F004031C2 /* ChangeAlarmViewController.swift */,
				3C4CFD5025FBA6A6004031C2 /* CustomCell.swift */,
			);
			path = Midterm;
			sourceTree = "<group>";
		};
/* End PBXGroup section */

/* Begin PBXNativeTarget section */
		3C4CFD3125FBA02E004031C2 /* Midterm */ = {
			isa = PBXNativeTarget;
			buildConfigurationList = 3C4CFD4625FBA032004031C2 /* Build configuration list for PBXNativeTarget "Midterm" */;
			buildPhases = (
				3C4CFD2E25FBA02E004031C2 /* Sources */,
				3C4CFD2F25FBA02E004031C2 /* Frameworks */,
				3C4CFD3025FBA02E004031C2 /* Resources */,
			);
			buildRules = (
			);
			dependencies = (
			);
			name = Midterm;
			productName = Midterm;
			productReference = 3C4CFD3225FBA02E004031C2 /* Midterm.app */;
			productType = "com.apple.product-type.application";
		};
/* End PBXNativeTarget section */

/* Begin PBXProject section */
		3C4CFD2A25FBA02E004031C2 /* Project object */ = {
			isa = PBXProject;
			attributes = {
				LastSwiftUpdateCheck = 1240;
				LastUpgradeCheck = 1240;
				TargetAttributes = {
					3C4CFD3125FBA02E004031C2 = {
						CreatedOnToolsVersion = 12.4;
					};
				};
			};
			buildConfigurationList = 3C4CFD2D25FBA02E004031C2 /* Build configuration list for PBXProject "Midterm" */;
			compatibilityVersion = "Xcode 9.3";
			developmentRegion = en;
			hasScannedForEncodings = 0;
			knownRegions = (
				en,
				Base,
			);
			mainGroup = 3C4CFD2925FBA02E004031C2;
			productRefGroup = 3C4CFD3325FBA02E004031C2 /* Products */;
			projectDirPath = "";
			projectRoot = "";
			targets = (
				3C4CFD3125FBA02E004031C2 /* Midterm */,
			);
		};
/* End PBXProject section */

/* Begin PBXResourcesBuildPhase section */
		3C4CFD3025FBA02E004031C2 /* Resources */ = {
			isa = PBXResourcesBuildPhase;
			buildActionMask = 2147483647;
			files = (
				3C4CFD4225FBA032004031C2 /* LaunchScreen.storyboard in Resources */,
				3C4CFD3F25FBA032004031C2 /* Assets.xcassets in Resources */,
				3C4CFD3D25FBA02E004031C2 /* Main.storyboard in Resources */,
			);
			runOnlyForDeploymentPostprocessing = 0;
		};
/* End PBXResourcesBuildPhase section */

/* Begin PBXSourcesBuildPhase section */
		3C4CFD2E25FBA02E004031C2 /* Sources */ = {
			isa = PBXSourcesBuildPhase;
			buildActionMask = 2147483647;
			files = (
				3C4CFD3A25FBA02E004031C2 /* ViewController.swift in Sources */,
				3C4CFD4B25FBA66D004031C2 /* NewAlarmViewController.swift in Sources */,
				3C4CFD4E25FBA67F004031C2 /* ChangeAlarmViewController.swift in Sources */,
				3C4CFD3625FBA02E004031C2 /* AppDelegate.swift in Sources */,
				3C4CFD5125FBA6A6004031C2 /* CustomCell.swift in Sources */,
				3C4CFD3825FBA02E004031C2 /* SceneDelegate.swift in Sources */,
			);
			runOnlyForDeploymentPostprocessing = 0;
		};
/* End PBXSourcesBuildPhase section */

/* Begin PBXVariantGroup section */
		3C4CFD3B25FBA02E004031C2 /* Main.storyboard */ = {
			isa = PBXVariantGroup;
			children = (
				3C4CFD3C25FBA02E004031C2 /* Base */,
			);
			name = Main.storyboard;
			sourceTree = "<group>";
		};
		3C4CFD4025FBA032004031C2 /* LaunchScreen.storyboard */ = {
			isa = PBXVariantGroup;
			children = (
				3C4CFD4125FBA032004031C2 /* Base */,
			);
			name = LaunchScreen.storyboard;
			sourceTree = "<group>";
		};
/* End PBXVariantGroup section */

/* Begin XCBuildConfiguration section */
		3C4CFD4425FBA032004031C2 /* Debug */ = {
			isa = XCBuildConfiguration;
			buildSettings = {
				ALWAYS_SEARCH_USER_PATHS = NO;
				CLANG_ANALYZER_NONNULL = YES;
				CLANG_ANALYZER_NUMBER_OBJECT_CONVERSION = YES_AGGRESSIVE;
				CLANG_CXX_LANGUAGE_STANDARD = "gnu++14";
				CLANG_CXX_LIBRARY = "libc++";
				CLANG_ENABLE_MODULES = YES;
				CLANG_ENABLE_OBJC_ARC = YES;
				CLANG_ENABLE_OBJC_WEAK = YES;
				CLANG_WARN_BLOCK_CAPTURE_AUTORELEASING = YES;
				CLANG_WARN_BOOL_CONVERSION = YES;
				CLANG_WARN_COMMA = YES;
				CLANG_WARN_CONSTANT_CONVERSION = YES;
				CLANG_WARN_DEPRECATED_OBJC_IMPLEMENTATIONS = YES;
				CLANG_WARN_DIRECT_OBJC_ISA_USAGE = YES_ERROR;
				CLANG_WARN_DOCUMENTATION_COMMENTS = YES;
				CLANG_WARN_EMPTY_BODY = YES;
				CLANG_WARN_ENUM_CONVERSION = YES;
				CLANG_WARN_INFINITE_RECURSION = YES;
				CLANG_WARN_INT_CONVERSION = YES;
				CLANG_WARN_NON_LITERAL_NULL_CONVERSION = YES;
				CLANG_WARN_OBJC_IMPLICIT_RETAIN_SELF = YES;
				CLANG_WARN_OBJC_LITERAL_CONVERSION = YES;
				CLANG_WARN_OBJC_ROOT_CLASS = YES_ERROR;
				CLANG_WARN_QUOTED_INCLUDE_IN_FRAMEWORK_HEADER = YES;
				CLANG_WARN_RANGE_LOOP_ANALYSIS = YES;
				CLANG_WARN_STRICT_PROTOTYPES = YES;
				CLANG_WARN_SUSPICIOUS_MOVE = YES;
				CLANG_WARN_UNGUARDED_AVAILABILITY = YES_AGGRESSIVE;
				CLANG_WARN_UNREACHABLE_CODE = YES;
				CLANG_WARN__DUPLICATE_METHOD_MATCH = YES;
				COPY_PHASE_STRIP = NO;
				DEBUG_INFORMATION_FORMAT = dwarf;
				ENABLE_STRICT_OBJC_MSGSEND = YES;
				ENABLE_TESTABILITY = YES;
				GCC_C_LANGUAGE_STANDARD = gnu11;
				GCC_DYNAMIC_NO_PIC = NO;
				GCC_NO_COMMON_BLOCKS = YES;
				GCC_OPTIMIZATION_LEVEL = 0;
				GCC_PREPROCESSOR_DEFINITIONS = (
					"DEBUG=1",
					"$(inherited)",
				);
				GCC_WARN_64_TO_32_BIT_CONVERSION = YES;
				GCC_WARN_ABOUT_RETURN_TYPE = YES_ERROR;
				GCC_WARN_UNDECLARED_SELECTOR = YES;
				GCC_WARN_UNINITIALIZED_AUTOS = YES_AGGRESSIVE;
				GCC_WARN_UNUSED_FUNCTION = YES;
				GCC_WARN_UNUSED_VARIABLE = YES;
				IPHONEOS_DEPLOYMENT_TARGET = 14.4;
				MTL_ENABLE_DEBUG_INFO = INCLUDE_SOURCE;
				MTL_FAST_MATH = YES;
				ONLY_ACTIVE_ARCH = YES;
				SDKROOT = iphoneos;
				SWIFT_ACTIVE_COMPILATION_CONDITIONS = DEBUG;
				SWIFT_OPTIMIZATION_LEVEL = "-Onone";
			};
			name = Debug;
		};
		3C4CFD4525FBA032004031C2 /* Release */ = {
			isa = XCBuildConfiguration;
			buildSettings = {
				ALWAYS_SEARCH_USER_PATHS = NO;
				CLANG_ANALYZER_NONNULL = YES;
				CLANG_ANALYZER_NUMBER_OBJECT_CONVERSION = YES_AGGRESSIVE;
				CLANG_CXX_LANGUAGE_STANDARD = "gnu++14";
				CLANG_CXX_LIBRARY = "libc++";
				CLANG_ENABLE_MODULES = YES;
				CLANG_ENABLE_OBJC_ARC = YES;
				CLANG_ENABLE_OBJC_WEAK = YES;
				CLANG_WARN_BLOCK_CAPTURE_AUTORELEASING = YES;
				CLANG_WARN_BOOL_CONVERSION = YES;
				CLANG_WARN_COMMA = YES;
				CLANG_WARN_CONSTANT_CONVERSION = YES;
				CLANG_WARN_DEPRECATED_OBJC_IMPLEMENTATIONS = YES;
				CLANG_WARN_DIRECT_OBJC_ISA_USAGE = YES_ERROR;
				CLANG_WARN_DOCUMENTATION_COMMENTS = YES;
				CLANG_WARN_EMPTY_BODY = YES;
				CLANG_WARN_ENUM_CONVERSION = YES;
				CLANG_WARN_INFINITE_RECURSION = YES;
				CLANG_WARN_INT_CONVERSION = YES;
				CLANG_WARN_NON_LITERAL_NULL_CONVERSION = YES;
				CLANG_WARN_OBJC_IMPLICIT_RETAIN_SELF = YES;
				CLANG_WARN_OBJC_LITERAL_CONVERSION = YES;
				CLANG_WARN_OBJC_ROOT_CLASS = YES_ERROR;
				CLANG_WARN_QUOTED_INCLUDE_IN_FRAMEWORK_HEADER = YES;
				CLANG_WARN_RANGE_LOOP_ANALYSIS = YES;
				CLANG_WARN_STRICT_PROTOTYPES = YES;
				CLANG_WARN_SUSPICIOUS_MOVE = YES;
				CLANG_WARN_UNGUARDED_AVAILABILITY = YES_AGGRESSIVE;
				CLANG_WARN_UNREACHABLE_CODE = YES;
				CLANG_WARN__DUPLICATE_METHOD_MATCH = YES;
				COPY_PHASE_STRIP = NO;
				DEBUG_INFORMATION_FORMAT = "dwarf-with-dsym";
				ENABLE_NS_ASSERTIONS = NO;
				ENABLE_STRICT_OBJC_MSGSEND = YES;
				GCC_C_LANGUAGE_STANDARD = gnu11;
				GCC_NO_COMMON_BLOCKS = YES;
				GCC_WARN_64_TO_32_BIT_CONVERSION = YES;
				GCC_WARN_ABOUT_RETURN_TYPE = YES_ERROR;
				GCC_WARN_UNDECLARED_SELECTOR = YES;
				GCC_WARN_UNINITIALIZED_AUTOS = YES_AGGRESSIVE;
				GCC_WARN_UNUSED_FUNCTION = YES;
				GCC_WARN_UNUSED_VARIABLE = YES;
				IPHONEOS_DEPLOYMENT_TARGET = 14.4;
				MTL_ENABLE_DEBUG_INFO = NO;
				MTL_FAST_MATH = YES;
				SDKROOT = iphoneos;
				SWIFT_COMPILATION_MODE = wholemodule;
				SWIFT_OPTIMIZATION_LEVEL = "-O";
				VALIDATE_PRODUCT = YES;
			};
			name = Release;
		};
		3C4CFD4725FBA032004031C2 /* Debug */ = {
			isa = XCBuildConfiguration;
			buildSettings = {
				ASSETCATALOG_COMPILER_APPICON_NAME = AppIcon;
				ASSETCATALOG_COMPILER_GLOBAL_ACCENT_COLOR_NAME = AccentColor;
				CODE_SIGN_STYLE = Automatic;
				DEVELOPMENT_TEAM = W37WD23XLS;
				INFOPLIST_FILE = Midterm/Info.plist;
				LD_RUNPATH_SEARCH_PATHS = (
					"$(inherited)",
					"@executable_path/Frameworks",
				);
				PRODUCT_BUNDLE_IDENTIFIER = com.example.Midterm;
				PRODUCT_NAME = "$(TARGET_NAME)";
				SWIFT_VERSION = 5.0;
				TARGETED_DEVICE_FAMILY = "1,2";
			};
			name = Debug;
		};
		3C4CFD4825FBA032004031C2 /* Release */ = {
			isa = XCBuildConfiguration;
			buildSettings = {
				ASSETCATALOG_COMPILER_APPICON_NAME = AppIcon;
				ASSETCATALOG_COMPILER_GLOBAL_ACCENT_COLOR_NAME = AccentColor;
				CODE_SIGN_STYLE = Automatic;
				DEVELOPMENT_TEAM = W37WD23XLS;
				INFOPLIST_FILE = Midterm/Info.plist;
				LD_RUNPATH_SEARCH_PATHS = (
					"$(inherited)",
					"@executable_path/Frameworks",
				);
				PRODUCT_BUNDLE_IDENTIFIER = com.example.Midterm;
				PRODUCT_NAME = "$(TARGET_NAME)";
				SWIFT_VERSION = 5.0;
				TARGETED_DEVICE_FAMILY = "1,2";
			};
			name = Release;
		};
/* End XCBuildConfiguration section */

/* Begin XCConfigurationList section */
		3C4CFD2D25FBA02E004031C2 /* Build configuration list for PBXProject "Midterm" */ = {
			isa = XCConfigurationList;
			buildConfigurations = (
				3C4CFD4425FBA032004031C2 /* Debug */,
				3C4CFD4525FBA032004031C2 /* Release */,
			);
			defaultConfigurationIsVisible = 0;
			defaultConfigurationName = Release;
		};
		3C4CFD4625FBA032004031C2 /* Build configuration list for PBXNativeTarget "Midterm" */ = {
			isa = XCConfigurationList;
			buildConfigurations = (
				3C4CFD4725FBA032004031C2 /* Debug */,
				3C4CFD4825FBA032004031C2 /* Release */,
			);
			defaultConfigurationIsVisible = 0;
			defaultConfigurationName = Release;
		};
/* End XCConfigurationList section */
	};
	rootObject = 3C4CFD2A25FBA02E004031C2 /* Project object */;
}
